// !$*UTF8*$!
{
	archiveVersion = 1;
	classes = {
	};
	objectVersion = 56;
	objects = {

/* Begin PBXBuildFile section */
		86B5A582293F33880090AFF6 /* AppDelegate.swift in Sources */ = {isa = PBXBuildFile; fileRef = 86B5A581293F33880090AFF6 /* AppDelegate.swift */; };
		86B5A584293F33880090AFF6 /* SceneDelegate.swift in Sources */ = {isa = PBXBuildFile; fileRef = 86B5A583293F33880090AFF6 /* SceneDelegate.swift */; };
		86B5A586293F33880090AFF6 /* ViewController.swift in Sources */ = {isa = PBXBuildFile; fileRef = 86B5A585293F33880090AFF6 /* ViewController.swift */; };
		86B5A589293F33880090AFF6 /* Main.storyboard in Resources */ = {isa = PBXBuildFile; fileRef = 86B5A587293F33880090AFF6 /* Main.storyboard */; };
		86B5A58B293F33890090AFF6 /* Assets.xcassets in Resources */ = {isa = PBXBuildFile; fileRef = 86B5A58A293F33890090AFF6 /* Assets.xcassets */; };
		86B5A58E293F33890090AFF6 /* LaunchScreen.storyboard in Resources */ = {isa = PBXBuildFile; fileRef = 86B5A58C293F33890090AFF6 /* LaunchScreen.storyboard */; };
		86B5A599293F33890090AFF6 /* ViperPatternKullanimiTests.swift in Sources */ = {isa = PBXBuildFile; fileRef = 86B5A598293F33890090AFF6 /* ViperPatternKullanimiTests.swift */; };
		86B5A5A3293F338A0090AFF6 /* ViperPatternKullanimiUITests.swift in Sources */ = {isa = PBXBuildFile; fileRef = 86B5A5A2293F338A0090AFF6 /* ViperPatternKullanimiUITests.swift */; };
		86B5A5A5293F338A0090AFF6 /* ViperPatternKullanimiUITestsLaunchTests.swift in Sources */ = {isa = PBXBuildFile; fileRef = 86B5A5A4293F338A0090AFF6 /* ViperPatternKullanimiUITestsLaunchTests.swift */; };
		86B5A5B8293F36B40090AFF6 /* Protocols.swift in Sources */ = {isa = PBXBuildFile; fileRef = 86B5A5B7293F36B40090AFF6 /* Protocols.swift */; };
		86B5A5BA293F36BF0090AFF6 /* Router.swift in Sources */ = {isa = PBXBuildFile; fileRef = 86B5A5B9293F36BF0090AFF6 /* Router.swift */; };
		86B5A5BC293F36CE0090AFF6 /* Interactor.swift in Sources */ = {isa = PBXBuildFile; fileRef = 86B5A5BB293F36CE0090AFF6 /* Interactor.swift */; };
		86B5A5BE293F36F40090AFF6 /* Presenter.swift in Sources */ = {isa = PBXBuildFile; fileRef = 86B5A5BD293F36F40090AFF6 /* Presenter.swift */; };
/* End PBXBuildFile section */

/* Begin PBXContainerItemProxy section */
		86B5A595293F33890090AFF6 /* PBXContainerItemProxy */ = {
			isa = PBXContainerItemProxy;
			containerPortal = 86B5A576293F33880090AFF6 /* Project object */;
			proxyType = 1;
			remoteGlobalIDString = 86B5A57D293F33880090AFF6;
			remoteInfo = ViperPatternKullanimi;
		};
		86B5A59F293F338A0090AFF6 /* PBXContainerItemProxy */ = {
			isa = PBXContainerItemProxy;
			containerPortal = 86B5A576293F33880090AFF6 /* Project object */;
			proxyType = 1;
			remoteGlobalIDString = 86B5A57D293F33880090AFF6;
			remoteInfo = ViperPatternKullanimi;
		};
/* End PBXContainerItemProxy section */

/* Begin PBXFileReference section */
		86B5A57E293F33880090AFF6 /* ViperPatternKullanimi.app */ = {isa = PBXFileReference; explicitFileType = wrapper.application; includeInIndex = 0; path = ViperPatternKullanimi.app; sourceTree = BUILT_PRODUCTS_DIR; };
		86B5A581293F33880090AFF6 /* AppDelegate.swift */ = {isa = PBXFileReference; lastKnownFileType = sourcecode.swift; path = AppDelegate.swift; sourceTree = "<group>"; };
		86B5A583293F33880090AFF6 /* SceneDelegate.swift */ = {isa = PBXFileReference; lastKnownFileType = sourcecode.swift; path = SceneDelegate.swift; sourceTree = "<group>"; };
		86B5A585293F33880090AFF6 /* ViewController.swift */ = {isa = PBXFileReference; lastKnownFileType = sourcecode.swift; path = ViewController.swift; sourceTree = "<group>"; };
		86B5A588293F33880090AFF6 /* Base */ = {isa = PBXFileReference; lastKnownFileType = file.storyboard; name = Base; path = Base.lproj/Main.storyboard; sourceTree = "<group>"; };
		86B5A58A293F33890090AFF6 /* Assets.xcassets */ = {isa = PBXFileReference; lastKnownFileType = folder.assetcatalog; path = Assets.xcassets; sourceTree = "<group>"; };
		86B5A58D293F33890090AFF6 /* Base */ = {isa = PBXFileReference; lastKnownFileType = file.storyboard; name = Base; path = Base.lproj/LaunchScreen.storyboard; sourceTree = "<group>"; };
		86B5A58F293F33890090AFF6 /* Info.plist */ = {isa = PBXFileReference; lastKnownFileType = text.plist.xml; path = Info.plist; sourceTree = "<group>"; };
		86B5A594293F33890090AFF6 /* ViperPatternKullanimiTests.xctest */ = {isa = PBXFileReference; explicitFileType = wrapper.cfbundle; includeInIndex = 0; path = ViperPatternKullanimiTests.xctest; sourceTree = BUILT_PRODUCTS_DIR; };
		86B5A598293F33890090AFF6 /* ViperPatternKullanimiTests.swift */ = {isa = PBXFileReference; lastKnownFileType = sourcecode.swift; path = ViperPatternKullanimiTests.swift; sourceTree = "<group>"; };
		86B5A59E293F338A0090AFF6 /* ViperPatternKullanimiUITests.xctest */ = {isa = PBXFileReference; explicitFileType = wrapper.cfbundle; includeInIndex = 0; path = ViperPatternKullanimiUITests.xctest; sourceTree = BUILT_PRODUCTS_DIR; };
		86B5A5A2293F338A0090AFF6 /* ViperPatternKullanimiUITests.swift */ = {isa = PBXFileReference; lastKnownFileType = sourcecode.swift; path = ViperPatternKullanimiUITests.swift; sourceTree = "<group>"; };
		86B5A5A4293F338A0090AFF6 /* ViperPatternKullanimiUITestsLaunchTests.swift */ = {isa = PBXFileReference; lastKnownFileType = sourcecode.swift; path = ViperPatternKullanimiUITestsLaunchTests.swift; sourceTree = "<group>"; };
		86B5A5B7293F36B40090AFF6 /* Protocols.swift */ = {isa = PBXFileReference; lastKnownFileType = sourcecode.swift; path = Protocols.swift; sourceTree = "<group>"; };
		86B5A5B9293F36BF0090AFF6 /* Router.swift */ = {isa = PBXFileReference; lastKnownFileType = sourcecode.swift; path = Router.swift; sourceTree = "<group>"; };
		86B5A5BB293F36CE0090AFF6 /* Interactor.swift */ = {isa = PBXFileReference; lastKnownFileType = sourcecode.swift; path = Interactor.swift; sourceTree = "<group>"; };
		86B5A5BD293F36F40090AFF6 /* Presenter.swift */ = {isa = PBXFileReference; lastKnownFileType = sourcecode.swift; path = Presenter.swift; sourceTree = "<group>"; };
/* End PBXFileReference section */

/* Begin PBXFrameworksBuildPhase section */
		86B5A57B293F33880090AFF6 /* Frameworks */ = {
			isa = PBXFrameworksBuildPhase;
			buildActionMask = 2147483647;
			files = (
			);
			runOnlyForDeploymentPostprocessing = 0;
		};
		86B5A591293F33890090AFF6 /* Frameworks */ = {
			isa = PBXFrameworksBuildPhase;
			buildActionMask = 2147483647;
			files = (
			);
			runOnlyForDeploymentPostprocessing = 0;
		};
		86B5A59B293F33890090AFF6 /* Frameworks */ = {
			isa = PBXFrameworksBuildPhase;
			buildActionMask = 2147483647;
			files = (
			);
			runOnlyForDeploymentPostprocessing = 0;
		};
/* End PBXFrameworksBuildPhase section */

/* Begin PBXGroup section */
		86B5A575293F33880090AFF6 = {
			isa = PBXGroup;
			children = (
				86B5A580293F33880090AFF6 /* ViperPatternKullanimi */,
				86B5A597293F33890090AFF6 /* ViperPatternKullanimiTests */,
				86B5A5A1293F338A0090AFF6 /* ViperPatternKullanimiUITests */,
				86B5A57F293F33880090AFF6 /* Products */,
			);
			sourceTree = "<group>";
		};
		86B5A57F293F33880090AFF6 /* Products */ = {
			isa = PBXGroup;
			children = (
				86B5A57E293F33880090AFF6 /* ViperPatternKullanimi.app */,
				86B5A594293F33890090AFF6 /* ViperPatternKullanimiTests.xctest */,
				86B5A59E293F338A0090AFF6 /* ViperPatternKullanimiUITests.xctest */,
			);
			name = Products;
			sourceTree = "<group>";
		};
		86B5A580293F33880090AFF6 /* ViperPatternKullanimi */ = {
			isa = PBXGroup;
			children = (
				86B5A5B1293F36550090AFF6 /* Anasayfa-Module */,
				86B5A581293F33880090AFF6 /* AppDelegate.swift */,
				86B5A583293F33880090AFF6 /* SceneDelegate.swift */,
				86B5A587293F33880090AFF6 /* Main.storyboard */,
				86B5A58A293F33890090AFF6 /* Assets.xcassets */,
				86B5A58C293F33890090AFF6 /* LaunchScreen.storyboard */,
				86B5A58F293F33890090AFF6 /* Info.plist */,
			);
			path = ViperPatternKullanimi;
			sourceTree = "<group>";
		};
		86B5A597293F33890090AFF6 /* ViperPatternKullanimiTests */ = {
			isa = PBXGroup;
			children = (
				86B5A598293F33890090AFF6 /* ViperPatternKullanimiTests.swift */,
			);
			path = ViperPatternKullanimiTests;
			sourceTree = "<group>";
		};
		86B5A5A1293F338A0090AFF6 /* ViperPatternKullanimiUITests */ = {
			isa = PBXGroup;
			children = (
				86B5A5A2293F338A0090AFF6 /* ViperPatternKullanimiUITests.swift */,
				86B5A5A4293F338A0090AFF6 /* ViperPatternKullanimiUITestsLaunchTests.swift */,
			);
			path = ViperPatternKullanimiUITests;
			sourceTree = "<group>";
		};
		86B5A5B1293F36550090AFF6 /* Anasayfa-Module */ = {
			isa = PBXGroup;
			children = (
				86B5A5B6293F36900090AFF6 /* Protocols */,
				86B5A5B5293F36830090AFF6 /* Router */,
				86B5A5B4293F36750090AFF6 /* Interactor */,
				86B5A5B3293F366A0090AFF6 /* Presenter */,
				86B5A5B2293F36630090AFF6 /* View */,
			);
			path = "Anasayfa-Module";
			sourceTree = "<group>";
		};
		86B5A5B2293F36630090AFF6 /* View */ = {
			isa = PBXGroup;
			children = (
				86B5A585293F33880090AFF6 /* ViewController.swift */,
			);
			path = View;
			sourceTree = "<group>";
		};
		86B5A5B3293F366A0090AFF6 /* Presenter */ = {
			isa = PBXGroup;
			children = (
				86B5A5BD293F36F40090AFF6 /* Presenter.swift */,
			);
			path = Presenter;
			sourceTree = "<group>";
		};
		86B5A5B4293F36750090AFF6 /* Interactor */ = {
			isa = PBXGroup;
			children = (
				86B5A5BB293F36CE0090AFF6 /* Interactor.swift */,
			);
			path = Interactor;
			sourceTree = "<group>";
		};
		86B5A5B5293F36830090AFF6 /* Router */ = {
			isa = PBXGroup;
			children = (
				86B5A5B9293F36BF0090AFF6 /* Router.swift */,
			);
			path = Router;
			sourceTree = "<group>";
		};
		86B5A5B6293F36900090AFF6 /* Protocols */ = {
			isa = PBXGroup;
			children = (
				86B5A5B7293F36B40090AFF6 /* Protocols.swift */,
			);
			path = Protocols;
			sourceTree = "<group>";
		};
/* End PBXGroup section */

/* Begin PBXNativeTarget section */
		86B5A57D293F33880090AFF6 /* ViperPatternKullanimi */ = {
			isa = PBXNativeTarget;
			buildConfigurationList = 86B5A5A8293F338A0090AFF6 /* Build configuration list for PBXNativeTarget "ViperPatternKullanimi" */;
			buildPhases = (
				86B5A57A293F33880090AFF6 /* Sources */,
				86B5A57B293F33880090AFF6 /* Frameworks */,
				86B5A57C293F33880090AFF6 /* Resources */,
			);
			buildRules = (
			);
			dependencies = (
			);
			name = ViperPatternKullanimi;
			productName = ViperPatternKullanimi;
			productReference = 86B5A57E293F33880090AFF6 /* ViperPatternKullanimi.app */;
			productType = "com.apple.product-type.application";
		};
		86B5A593293F33890090AFF6 /* ViperPatternKullanimiTests */ = {
			isa = PBXNativeTarget;
			buildConfigurationList = 86B5A5AB293F338A0090AFF6 /* Build configuration list for PBXNativeTarget "ViperPatternKullanimiTests" */;
			buildPhases = (
				86B5A590293F33890090AFF6 /* Sources */,
				86B5A591293F33890090AFF6 /* Frameworks */,
				86B5A592293F33890090AFF6 /* Resources */,
			);
			buildRules = (
			);
			dependencies = (
				86B5A596293F33890090AFF6 /* PBXTargetDependency */,
			);
			name = ViperPatternKullanimiTests;
			productName = ViperPatternKullanimiTests;
			productReference = 86B5A594293F33890090AFF6 /* ViperPatternKullanimiTests.xctest */;
			productType = "com.apple.product-type.bundle.unit-test";
		};
		86B5A59D293F33890090AFF6 /* ViperPatternKullanimiUITests */ = {
			isa = PBXNativeTarget;
			buildConfigurationList = 86B5A5AE293F338A0090AFF6 /* Build configuration list for PBXNativeTarget "ViperPatternKullanimiUITests" */;
			buildPhases = (
				86B5A59A293F33890090AFF6 /* Sources */,
				86B5A59B293F33890090AFF6 /* Frameworks */,
				86B5A59C293F33890090AFF6 /* Resources */,
			);
			buildRules = (
			);
			dependencies = (
				86B5A5A0293F338A0090AFF6 /* PBXTargetDependency */,
			);
			name = ViperPatternKullanimiUITests;
			productName = ViperPatternKullanimiUITests;
			productReference = 86B5A59E293F338A0090AFF6 /* ViperPatternKullanimiUITests.xctest */;
			productType = "com.apple.product-type.bundle.ui-testing";
		};
/* End PBXNativeTarget section */

/* Begin PBXProject section */
		86B5A576293F33880090AFF6 /* Project object */ = {
			isa = PBXProject;
			attributes = {
				BuildIndependentTargetsInParallel = 1;
				LastSwiftUpdateCheck = 1400;
				LastUpgradeCheck = 1400;
				TargetAttributes = {
					86B5A57D293F33880090AFF6 = {
						CreatedOnToolsVersion = 14.0.1;
					};
					86B5A593293F33890090AFF6 = {
						CreatedOnToolsVersion = 14.0.1;
						TestTargetID = 86B5A57D293F33880090AFF6;
					};
					86B5A59D293F33890090AFF6 = {
						CreatedOnToolsVersion = 14.0.1;
						TestTargetID = 86B5A57D293F33880090AFF6;
					};
				};
			};
			buildConfigurationList = 86B5A579293F33880090AFF6 /* Build configuration list for PBXProject "ViperPatternKullanimi" */;
			compatibilityVersion = "Xcode 14.0";
			developmentRegion = en;
			hasScannedForEncodings = 0;
			knownRegions = (
				en,
				Base,
			);
			mainGroup = 86B5A575293F33880090AFF6;
			productRefGroup = 86B5A57F293F33880090AFF6 /* Products */;
			projectDirPath = "";
			projectRoot = "";
			targets = (
				86B5A57D293F33880090AFF6 /* ViperPatternKullanimi */,
				86B5A593293F33890090AFF6 /* ViperPatternKullanimiTests */,
				86B5A59D293F33890090AFF6 /* ViperPatternKullanimiUITests */,
			);
		};
/* End PBXProject section */

/* Begin PBXResourcesBuildPhase section */
		86B5A57C293F33880090AFF6 /* Resources */ = {
			isa = PBXResourcesBuildPhase;
			buildActionMask = 2147483647;
			files = (
				86B5A58E293F33890090AFF6 /* LaunchScreen.storyboard in Resources */,
				86B5A58B293F33890090AFF6 /* Assets.xcassets in Resources */,
				86B5A589293F33880090AFF6 /* Main.storyboard in Resources */,
			);
			runOnlyForDeploymentPostprocessing = 0;
		};
		86B5A592293F33890090AFF6 /* Resources */ = {
			isa = PBXResourcesBuildPhase;
			buildActionMask = 2147483647;
			files = (
			);
			runOnlyForDeploymentPostprocessing = 0;
		};
		86B5A59C293F33890090AFF6 /* Resources */ = {
			isa = PBXResourcesBuildPhase;
			buildActionMask = 2147483647;
			files = (
			);
			runOnlyForDeploymentPostprocessing = 0;
		};
/* End PBXResourcesBuildPhase section */

/* Begin PBXSourcesBuildPhase section */
		86B5A57A293F33880090AFF6 /* Sources */ = {
			isa = PBXSourcesBuildPhase;
			buildActionMask = 2147483647;
			files = (
				86B5A5BC293F36CE0090AFF6 /* Interactor.swift in Sources */,
				86B5A5BE293F36F40090AFF6 /* Presenter.swift in Sources */,
				86B5A586293F33880090AFF6 /* ViewController.swift in Sources */,
				86B5A582293F33880090AFF6 /* AppDelegate.swift in Sources */,
				86B5A5BA293F36BF0090AFF6 /* Router.swift in Sources */,
				86B5A584293F33880090AFF6 /* SceneDelegate.swift in Sources */,
				86B5A5B8293F36B40090AFF6 /* Protocols.swift in Sources */,
			);
			runOnlyForDeploymentPostprocessing = 0;
		};
		86B5A590293F33890090AFF6 /* Sources */ = {
			isa = PBXSourcesBuildPhase;
			buildActionMask = 2147483647;
			files = (
				86B5A599293F33890090AFF6 /* ViperPatternKullanimiTests.swift in Sources */,
			);
			runOnlyForDeploymentPostprocessing = 0;
		};
		86B5A59A293F33890090AFF6 /* Sources */ = {
			isa = PBXSourcesBuildPhase;
			buildActionMask = 2147483647;
			files = (
				86B5A5A3293F338A0090AFF6 /* ViperPatternKullanimiUITests.swift in Sources */,
				86B5A5A5293F338A0090AFF6 /* ViperPatternKullanimiUITestsLaunchTests.swift in Sources */,
			);
			runOnlyForDeploymentPostprocessing = 0;
		};
/* End PBXSourcesBuildPhase section */

/* Begin PBXTargetDependency section */
		86B5A596293F33890090AFF6 /* PBXTargetDependency */ = {
			isa = PBXTargetDependency;
			target = 86B5A57D293F33880090AFF6 /* ViperPatternKullanimi */;
			targetProxy = 86B5A595293F33890090AFF6 /* PBXContainerItemProxy */;
		};
		86B5A5A0293F338A0090AFF6 /* PBXTargetDependency */ = {
			isa = PBXTargetDependency;
			target = 86B5A57D293F33880090AFF6 /* ViperPatternKullanimi */;
			targetProxy = 86B5A59F293F338A0090AFF6 /* PBXContainerItemProxy */;
		};
/* End PBXTargetDependency section */

/* Begin PBXVariantGroup section */
		86B5A587293F33880090AFF6 /* Main.storyboard */ = {
			isa = PBXVariantGroup;
			children = (
				86B5A588293F33880090AFF6 /* Base */,
			);
			name = Main.storyboard;
			sourceTree = "<group>";
		};
		86B5A58C293F33890090AFF6 /* LaunchScreen.storyboard */ = {
			isa = PBXVariantGroup;
			children = (
				86B5A58D293F33890090AFF6 /* Base */,
			);
			name = LaunchScreen.storyboard;
			sourceTree = "<group>";
		};
/* End PBXVariantGroup section */

/* Begin XCBuildConfiguration section */
		86B5A5A6293F338A0090AFF6 /* Debug */ = {
			isa = XCBuildConfiguration;
			buildSettings = {
				ALWAYS_SEARCH_USER_PATHS = NO;
				CLANG_ANALYZER_NONNULL = YES;
				CLANG_ANALYZER_NUMBER_OBJECT_CONVERSION = YES_AGGRESSIVE;
				CLANG_CXX_LANGUAGE_STANDARD = "gnu++20";
				CLANG_ENABLE_MODULES = YES;
				CLANG_ENABLE_OBJC_ARC = YES;
				CLANG_ENABLE_OBJC_WEAK = YES;
				CLANG_WARN_BLOCK_CAPTURE_AUTORELEASING = YES;
				CLANG_WARN_BOOL_CONVERSION = YES;
				CLANG_WARN_COMMA = YES;
				CLANG_WARN_CONSTANT_CONVERSION = YES;
				CLANG_WARN_DEPRECATED_OBJC_IMPLEMENTATIONS = YES;
				CLANG_WARN_DIRECT_OBJC_ISA_USAGE = YES_ERROR;
				CLANG_WARN_DOCUMENTATION_COMMENTS = YES;
				CLANG_WARN_EMPTY_BODY = YES;
				CLANG_WARN_ENUM_CONVERSION = YES;
				CLANG_WARN_INFINITE_RECURSION = YES;
				CLANG_WARN_INT_CONVERSION = YES;
				CLANG_WARN_NON_LITERAL_NULL_CONVERSION = YES;
				CLANG_WARN_OBJC_IMPLICIT_RETAIN_SELF = YES;
				CLANG_WARN_OBJC_LITERAL_CONVERSION = YES;
				CLANG_WARN_OBJC_ROOT_CLASS = YES_ERROR;
				CLANG_WARN_QUOTED_INCLUDE_IN_FRAMEWORK_HEADER = YES;
				CLANG_WARN_RANGE_LOOP_ANALYSIS = YES;
				CLANG_WARN_STRICT_PROTOTYPES = YES;
				CLANG_WARN_SUSPICIOUS_MOVE = YES;
				CLANG_WARN_UNGUARDED_AVAILABILITY = YES_AGGRESSIVE;
				CLANG_WARN_UNREACHABLE_CODE = YES;
				CLANG_WARN__DUPLICATE_METHOD_MATCH = YES;
				COPY_PHASE_STRIP = NO;
				DEBUG_INFORMATION_FORMAT = dwarf;
				ENABLE_STRICT_OBJC_MSGSEND = YES;
				ENABLE_TESTABILITY = YES;
				GCC_C_LANGUAGE_STANDARD = gnu11;
				GCC_DYNAMIC_NO_PIC = NO;
				GCC_NO_COMMON_BLOCKS = YES;
				GCC_OPTIMIZATION_LEVEL = 0;
				GCC_PREPROCESSOR_DEFINITIONS = (
					"DEBUG=1",
					"$(inherited)",
				);
				GCC_WARN_64_TO_32_BIT_CONVERSION = YES;
				GCC_WARN_ABOUT_RETURN_TYPE = YES_ERROR;
				GCC_WARN_UNDECLARED_SELECTOR = YES;
				GCC_WARN_UNINITIALIZED_AUTOS = YES_AGGRESSIVE;
				GCC_WARN_UNUSED_FUNCTION = YES;
				GCC_WARN_UNUSED_VARIABLE = YES;
				IPHONEOS_DEPLOYMENT_TARGET = 16.0;
				MTL_ENABLE_DEBUG_INFO = INCLUDE_SOURCE;
				MTL_FAST_MATH = YES;
				ONLY_ACTIVE_ARCH = YES;
				SDKROOT = iphoneos;
				SWIFT_ACTIVE_COMPILATION_CONDITIONS = DEBUG;
				SWIFT_OPTIMIZATION_LEVEL = "-Onone";
			};
			name = Debug;
		};
		86B5A5A7293F338A0090AFF6 /* Release */ = {
			isa = XCBuildConfiguration;
			buildSettings = {
				ALWAYS_SEARCH_USER_PATHS = NO;
				CLANG_ANALYZER_NONNULL = YES;
				CLANG_ANALYZER_NUMBER_OBJECT_CONVERSION = YES_AGGRESSIVE;
				CLANG_CXX_LANGUAGE_STANDARD = "gnu++20";
				CLANG_ENABLE_MODULES = YES;
				CLANG_ENABLE_OBJC_ARC = YES;
				CLANG_ENABLE_OBJC_WEAK = YES;
				CLANG_WARN_BLOCK_CAPTURE_AUTORELEASING = YES;
				CLANG_WARN_BOOL_CONVERSION = YES;
				CLANG_WARN_COMMA = YES;
				CLANG_WARN_CONSTANT_CONVERSION = YES;
				CLANG_WARN_DEPRECATED_OBJC_IMPLEMENTATIONS = YES;
				CLANG_WARN_DIRECT_OBJC_ISA_USAGE = YES_ERROR;
				CLANG_WARN_DOCUMENTATION_COMMENTS = YES;
				CLANG_WARN_EMPTY_BODY = YES;
				CLANG_WARN_ENUM_CONVERSION = YES;
				CLANG_WARN_INFINITE_RECURSION = YES;
				CLANG_WARN_INT_CONVERSION = YES;
				CLANG_WARN_NON_LITERAL_NULL_CONVERSION = YES;
				CLANG_WARN_OBJC_IMPLICIT_RETAIN_SELF = YES;
				CLANG_WARN_OBJC_LITERAL_CONVERSION = YES;
				CLANG_WARN_OBJC_ROOT_CLASS = YES_ERROR;
				CLANG_WARN_QUOTED_INCLUDE_IN_FRAMEWORK_HEADER = YES;
				CLANG_WARN_RANGE_LOOP_ANALYSIS = YES;
				CLANG_WARN_STRICT_PROTOTYPES = YES;
				CLANG_WARN_SUSPICIOUS_MOVE = YES;
				CLANG_WARN_UNGUARDED_AVAILABILITY = YES_AGGRESSIVE;
				CLANG_WARN_UNREACHABLE_CODE = YES;
				CLANG_WARN__DUPLICATE_METHOD_MATCH = YES;
				COPY_PHASE_STRIP = NO;
				DEBUG_INFORMATION_FORMAT = "dwarf-with-dsym";
				ENABLE_NS_ASSERTIONS = NO;
				ENABLE_STRICT_OBJC_MSGSEND = YES;
				GCC_C_LANGUAGE_STANDARD = gnu11;
				GCC_NO_COMMON_BLOCKS = YES;
				GCC_WARN_64_TO_32_BIT_CONVERSION = YES;
				GCC_WARN_ABOUT_RETURN_TYPE = YES_ERROR;
				GCC_WARN_UNDECLARED_SELECTOR = YES;
				GCC_WARN_UNINITIALIZED_AUTOS = YES_AGGRESSIVE;
				GCC_WARN_UNUSED_FUNCTION = YES;
				GCC_WARN_UNUSED_VARIABLE = YES;
				IPHONEOS_DEPLOYMENT_TARGET = 16.0;
				MTL_ENABLE_DEBUG_INFO = NO;
				MTL_FAST_MATH = YES;
				SDKROOT = iphoneos;
				SWIFT_COMPILATION_MODE = wholemodule;
				SWIFT_OPTIMIZATION_LEVEL = "-O";
				VALIDATE_PRODUCT = YES;
			};
			name = Release;
		};
		86B5A5A9293F338A0090AFF6 /* Debug */ = {
			isa = XCBuildConfiguration;
			buildSettings = {
				ASSETCATALOG_COMPILER_APPICON_NAME = AppIcon;
				ASSETCATALOG_COMPILER_GLOBAL_ACCENT_COLOR_NAME = AccentColor;
				CODE_SIGN_STYLE = Automatic;
				CURRENT_PROJECT_VERSION = 1;
				DEVELOPMENT_TEAM = DW4R8GHFA2;
				GENERATE_INFOPLIST_FILE = YES;
				INFOPLIST_FILE = ViperPatternKullanimi/Info.plist;
				INFOPLIST_KEY_UIApplicationSupportsIndirectInputEvents = YES;
				INFOPLIST_KEY_UILaunchStoryboardName = LaunchScreen;
				INFOPLIST_KEY_UIMainStoryboardFile = Main;
				INFOPLIST_KEY_UISupportedInterfaceOrientations_iPad = "UIInterfaceOrientationPortrait UIInterfaceOrientationPortraitUpsideDown UIInterfaceOrientationLandscapeLeft UIInterfaceOrientationLandscapeRight";
				INFOPLIST_KEY_UISupportedInterfaceOrientations_iPhone = "UIInterfaceOrientationPortrait UIInterfaceOrientationLandscapeLeft UIInterfaceOrientationLandscapeRight";
				LD_RUNPATH_SEARCH_PATHS = (
					"$(inherited)",
					"@executable_path/Frameworks",
				);
				MARKETING_VERSION = 1.0;
				PRODUCT_BUNDLE_IDENTIFIER = ilker.ViperPatternKullanimi;
				PRODUCT_NAME = "$(TARGET_NAME)";
				SWIFT_EMIT_LOC_STRINGS = YES;
				SWIFT_VERSION = 5.0;
				TARGETED_DEVICE_FAMILY = "1,2";
			};
			name = Debug;
		};
		86B5A5AA293F338A0090AFF6 /* Release */ = {
			isa = XCBuildConfiguration;
			buildSettings = {
				ASSETCATALOG_COMPILER_APPICON_NAME = AppIcon;
				ASSETCATALOG_COMPILER_GLOBAL_ACCENT_COLOR_NAME = AccentColor;
				CODE_SIGN_STYLE = Automatic;
				CURRENT_PROJECT_VERSION = 1;
				DEVELOPMENT_TEAM = DW4R8GHFA2;
				GENERATE_INFOPLIST_FILE = YES;
				INFOPLIST_FILE = ViperPatternKullanimi/Info.plist;
				INFOPLIST_KEY_UIApplicationSupportsIndirectInputEvents = YES;
				INFOPLIST_KEY_UILaunchStoryboardName = LaunchScreen;
				INFOPLIST_KEY_UIMainStoryboardFile = Main;
				INFOPLIST_KEY_UISupportedInterfaceOrientations_iPad = "UIInterfaceOrientationPortrait UIInterfaceOrientationPortraitUpsideDown UIInterfaceOrientationLandscapeLeft UIInterfaceOrientationLandscapeRight";
				INFOPLIST_KEY_UISupportedInterfaceOrientations_iPhone = "UIInterfaceOrientationPortrait UIInterfaceOrientationLandscapeLeft UIInterfaceOrientationLandscapeRight";
				LD_RUNPATH_SEARCH_PATHS = (
					"$(inherited)",
					"@executable_path/Frameworks",
				);
				MARKETING_VERSION = 1.0;
				PRODUCT_BUNDLE_IDENTIFIER = ilker.ViperPatternKullanimi;
				PRODUCT_NAME = "$(TARGET_NAME)";
				SWIFT_EMIT_LOC_STRINGS = YES;
				SWIFT_VERSION = 5.0;
				TARGETED_DEVICE_FAMILY = "1,2";
			};
			name = Release;
		};
		86B5A5AC293F338A0090AFF6 /* Debug */ = {
			isa = XCBuildConfiguration;
			buildSettings = {
				ALWAYS_EMBED_SWIFT_STANDARD_LIBRARIES = YES;
				BUNDLE_LOADER = "$(TEST_HOST)";
				CODE_SIGN_STYLE = Automatic;
				CURRENT_PROJECT_VERSION = 1;
				DEVELOPMENT_TEAM = DW4R8GHFA2;
				GENERATE_INFOPLIST_FILE = YES;
				IPHONEOS_DEPLOYMENT_TARGET = 16.0;
				MARKETING_VERSION = 1.0;
				PRODUCT_BUNDLE_IDENTIFIER = ilker.ViperPatternKullanimiTests;
				PRODUCT_NAME = "$(TARGET_NAME)";
				SWIFT_EMIT_LOC_STRINGS = NO;
				SWIFT_VERSION = 5.0;
				TARGETED_DEVICE_FAMILY = "1,2";
				TEST_HOST = "$(BUILT_PRODUCTS_DIR)/ViperPatternKullanimi.app/$(BUNDLE_EXECUTABLE_FOLDER_PATH)/ViperPatternKullanimi";
			};
			name = Debug;
		};
		86B5A5AD293F338A0090AFF6 /* Release */ = {
			isa = XCBuildConfiguration;
			buildSettings = {
				ALWAYS_EMBED_SWIFT_STANDARD_LIBRARIES = YES;
				BUNDLE_LOADER = "$(TEST_HOST)";
				CODE_SIGN_STYLE = Automatic;
				CURRENT_PROJECT_VERSION = 1;
				DEVELOPMENT_TEAM = DW4R8GHFA2;
				GENERATE_INFOPLIST_FILE = YES;
				IPHONEOS_DEPLOYMENT_TARGET = 16.0;
				MARKETING_VERSION = 1.0;
				PRODUCT_BUNDLE_IDENTIFIER = ilker.ViperPatternKullanimiTests;
				PRODUCT_NAME = "$(TARGET_NAME)";
				SWIFT_EMIT_LOC_STRINGS = NO;
				SWIFT_VERSION = 5.0;
				TARGETED_DEVICE_FAMILY = "1,2";
				TEST_HOST = "$(BUILT_PRODUCTS_DIR)/ViperPatternKullanimi.app/$(BUNDLE_EXECUTABLE_FOLDER_PATH)/ViperPatternKullanimi";
			};
			name = Release;
		};
		86B5A5AF293F338A0090AFF6 /* Debug */ = {
			isa = XCBuildConfiguration;
			buildSettings = {
				ALWAYS_EMBED_SWIFT_STANDARD_LIBRARIES = YES;
				CODE_SIGN_STYLE = Automatic;
				CURRENT_PROJECT_VERSION = 1;
				DEVELOPMENT_TEAM = DW4R8GHFA2;
				GENERATE_INFOPLIST_FILE = YES;
				MARKETING_VERSION = 1.0;
				PRODUCT_BUNDLE_IDENTIFIER = ilker.ViperPatternKullanimiUITests;
				PRODUCT_NAME = "$(TARGET_NAME)";
				SWIFT_EMIT_LOC_STRINGS = NO;
				SWIFT_VERSION = 5.0;
				TARGETED_DEVICE_FAMILY = "1,2";
				TEST_TARGET_NAME = ViperPatternKullanimi;
			};
			name = Debug;
		};
		86B5A5B0293F338A0090AFF6 /* Release */ = {
			isa = XCBuildConfiguration;
			buildSettings = {
				ALWAYS_EMBED_SWIFT_STANDARD_LIBRARIES = YES;
				CODE_SIGN_STYLE = Automatic;
				CURRENT_PROJECT_VERSION = 1;
				DEVELOPMENT_TEAM = DW4R8GHFA2;
				GENERATE_INFOPLIST_FILE = YES;
				MARKETING_VERSION = 1.0;
				PRODUCT_BUNDLE_IDENTIFIER = ilker.ViperPatternKullanimiUITests;
				PRODUCT_NAME = "$(TARGET_NAME)";
				SWIFT_EMIT_LOC_STRINGS = NO;
				SWIFT_VERSION = 5.0;
				TARGETED_DEVICE_FAMILY = "1,2";
				TEST_TARGET_NAME = ViperPatternKullanimi;
			};
			name = Release;
		};
/* End XCBuildConfiguration section */

/* Begin XCConfigurationList section */
		86B5A579293F33880090AFF6 /* Build configuration list for PBXProject "ViperPatternKullanimi" */ = {
			isa = XCConfigurationList;
			buildConfigurations = (
				86B5A5A6293F338A0090AFF6 /* Debug */,
				86B5A5A7293F338A0090AFF6 /* Release */,
			);
			defaultConfigurationIsVisible = 0;
			defaultConfigurationName = Release;
		};
		86B5A5A8293F338A0090AFF6 /* Build configuration list for PBXNativeTarget "ViperPatternKullanimi" */ = {
			isa = XCConfigurationList;
			buildConfigurations = (
				86B5A5A9293F338A0090AFF6 /* Debug */,
				86B5A5AA293F338A0090AFF6 /* Release */,
			);
			defaultConfigurationIsVisible = 0;
			defaultConfigurationName = Release;
		};
		86B5A5AB293F338A0090AFF6 /* Build configuration list for PBXNativeTarget "ViperPatternKullanimiTests" */ = {
			isa = XCConfigurationList;
			buildConfigurations = (
				86B5A5AC293F338A0090AFF6 /* Debug */,
				86B5A5AD293F338A0090AFF6 /* Release */,
			);
			defaultConfigurationIsVisible = 0;
			defaultConfigurationName = Release;
		};
		86B5A5AE293F338A0090AFF6 /* Build configuration list for PBXNativeTarget "ViperPatternKullanimiUITests" */ = {
			isa = XCConfigurationList;
			buildConfigurations = (
				86B5A5AF293F338A0090AFF6 /* Debug */,
				86B5A5B0293F338A0090AFF6 /* Release */,
			);
			defaultConfigurationIsVisible = 0;
			defaultConfigurationName = Release;
		};
/* End XCConfigurationList section */
	};
	rootObject = 86B5A576293F33880090AFF6 /* Project object */;
}
